// !$*UTF8*$!
{
	archiveVersion = 1;
	classes = {
	};
	objectVersion = 50;
	objects = {

/* Begin PBXBuildFile section */
		E1BFA1F026FA7931003A5DAE /* CalendarAppApp.swift in Sources */ = {isa = PBXBuildFile; fileRef = E1BFA1EF26FA7931003A5DAE /* CalendarAppApp.swift */; };
		E1BFA1F226FA7931003A5DAE /* ContentView.swift in Sources */ = {isa = PBXBuildFile; fileRef = E1BFA1F126FA7931003A5DAE /* ContentView.swift */; };
		E1BFA1F426FA7931003A5DAE /* Assets.xcassets in Resources */ = {isa = PBXBuildFile; fileRef = E1BFA1F326FA7931003A5DAE /* Assets.xcassets */; };
		E1BFA1F726FA7931003A5DAE /* Preview Assets.xcassets in Resources */ = {isa = PBXBuildFile; fileRef = E1BFA1F626FA7931003A5DAE /* Preview Assets.xcassets */; };
		E1BFA20226FA7931003A5DAE /* CalendarAppTests.swift in Sources */ = {isa = PBXBuildFile; fileRef = E1BFA20126FA7931003A5DAE /* CalendarAppTests.swift */; };
		E1BFA20D26FA7931003A5DAE /* CalendarAppUITests.swift in Sources */ = {isa = PBXBuildFile; fileRef = E1BFA20C26FA7931003A5DAE /* CalendarAppUITests.swift */; };
/* End PBXBuildFile section */

/* Begin PBXContainerItemProxy section */
		E1BFA1FE26FA7931003A5DAE /* PBXContainerItemProxy */ = {
			isa = PBXContainerItemProxy;
			containerPortal = E1BFA1E426FA7931003A5DAE /* Project object */;
			proxyType = 1;
			remoteGlobalIDString = E1BFA1EB26FA7931003A5DAE;
			remoteInfo = CalendarApp;
		};
		E1BFA20926FA7931003A5DAE /* PBXContainerItemProxy */ = {
			isa = PBXContainerItemProxy;
			containerPortal = E1BFA1E426FA7931003A5DAE /* Project object */;
			proxyType = 1;
			remoteGlobalIDString = E1BFA1EB26FA7931003A5DAE;
			remoteInfo = CalendarApp;
		};
/* End PBXContainerItemProxy section */

/* Begin PBXFileReference section */
		E1BFA1EC26FA7931003A5DAE /* CalendarApp.app */ = {isa = PBXFileReference; explicitFileType = wrapper.application; includeInIndex = 0; path = CalendarApp.app; sourceTree = BUILT_PRODUCTS_DIR; };
		E1BFA1EF26FA7931003A5DAE /* CalendarAppApp.swift */ = {isa = PBXFileReference; lastKnownFileType = sourcecode.swift; path = CalendarAppApp.swift; sourceTree = "<group>"; };
		E1BFA1F126FA7931003A5DAE /* ContentView.swift */ = {isa = PBXFileReference; lastKnownFileType = sourcecode.swift; path = ContentView.swift; sourceTree = "<group>"; };
		E1BFA1F326FA7931003A5DAE /* Assets.xcassets */ = {isa = PBXFileReference; lastKnownFileType = folder.assetcatalog; path = Assets.xcassets; sourceTree = "<group>"; };
		E1BFA1F626FA7931003A5DAE /* Preview Assets.xcassets */ = {isa = PBXFileReference; lastKnownFileType = folder.assetcatalog; path = "Preview Assets.xcassets"; sourceTree = "<group>"; };
		E1BFA1F826FA7931003A5DAE /* Info.plist */ = {isa = PBXFileReference; lastKnownFileType = text.plist.xml; path = Info.plist; sourceTree = "<group>"; };
		E1BFA1FD26FA7931003A5DAE /* CalendarAppTests.xctest */ = {isa = PBXFileReference; explicitFileType = wrapper.cfbundle; includeInIndex = 0; path = CalendarAppTests.xctest; sourceTree = BUILT_PRODUCTS_DIR; };
		E1BFA20126FA7931003A5DAE /* CalendarAppTests.swift */ = {isa = PBXFileReference; lastKnownFileType = sourcecode.swift; path = CalendarAppTests.swift; sourceTree = "<group>"; };
		E1BFA20326FA7931003A5DAE /* Info.plist */ = {isa = PBXFileReference; lastKnownFileType = text.plist.xml; path = Info.plist; sourceTree = "<group>"; };
		E1BFA20826FA7931003A5DAE /* CalendarAppUITests.xctest */ = {isa = PBXFileReference; explicitFileType = wrapper.cfbundle; includeInIndex = 0; path = CalendarAppUITests.xctest; sourceTree = BUILT_PRODUCTS_DIR; };
		E1BFA20C26FA7931003A5DAE /* CalendarAppUITests.swift */ = {isa = PBXFileReference; lastKnownFileType = sourcecode.swift; path = CalendarAppUITests.swift; sourceTree = "<group>"; };
		E1BFA20E26FA7931003A5DAE /* Info.plist */ = {isa = PBXFileReference; lastKnownFileType = text.plist.xml; path = Info.plist; sourceTree = "<group>"; };
/* End PBXFileReference section */

/* Begin PBXFrameworksBuildPhase section */
		E1BFA1E926FA7931003A5DAE /* Frameworks */ = {
			isa = PBXFrameworksBuildPhase;
			buildActionMask = 2147483647;
			files = (
			);
			runOnlyForDeploymentPostprocessing = 0;
		};
		E1BFA1FA26FA7931003A5DAE /* Frameworks */ = {
			isa = PBXFrameworksBuildPhase;
			buildActionMask = 2147483647;
			files = (
			);
			runOnlyForDeploymentPostprocessing = 0;
		};
		E1BFA20526FA7931003A5DAE /* Frameworks */ = {
			isa = PBXFrameworksBuildPhase;
			buildActionMask = 2147483647;
			files = (
			);
			runOnlyForDeploymentPostprocessing = 0;
		};
/* End PBXFrameworksBuildPhase section */

/* Begin PBXGroup section */
		E1BFA1E326FA7931003A5DAE = {
			isa = PBXGroup;
			children = (
				E1BFA1EE26FA7931003A5DAE /* CalendarApp */,
				E1BFA20026FA7931003A5DAE /* CalendarAppTests */,
				E1BFA20B26FA7931003A5DAE /* CalendarAppUITests */,
				E1BFA1ED26FA7931003A5DAE /* Products */,
			);
			sourceTree = "<group>";
		};
		E1BFA1ED26FA7931003A5DAE /* Products */ = {
			isa = PBXGroup;
			children = (
				E1BFA1EC26FA7931003A5DAE /* CalendarApp.app */,
				E1BFA1FD26FA7931003A5DAE /* CalendarAppTests.xctest */,
				E1BFA20826FA7931003A5DAE /* CalendarAppUITests.xctest */,
			);
			name = Products;
			sourceTree = "<group>";
		};
		E1BFA1EE26FA7931003A5DAE /* CalendarApp */ = {
			isa = PBXGroup;
			children = (
				E1BFA1EF26FA7931003A5DAE /* CalendarAppApp.swift */,
				E1BFA1F126FA7931003A5DAE /* ContentView.swift */,
				E1BFA1F326FA7931003A5DAE /* Assets.xcassets */,
				E1BFA1F826FA7931003A5DAE /* Info.plist */,
				E1BFA1F526FA7931003A5DAE /* Preview Content */,
			);
			path = CalendarApp;
			sourceTree = "<group>";
		};
		E1BFA1F526FA7931003A5DAE /* Preview Content */ = {
			isa = PBXGroup;
			children = (
				E1BFA1F626FA7931003A5DAE /* Preview Assets.xcassets */,
			);
			path = "Preview Content";
			sourceTree = "<group>";
		};
		E1BFA20026FA7931003A5DAE /* CalendarAppTests */ = {
			isa = PBXGroup;
			children = (
				E1BFA20126FA7931003A5DAE /* CalendarAppTests.swift */,
				E1BFA20326FA7931003A5DAE /* Info.plist */,
			);
			path = CalendarAppTests;
			sourceTree = "<group>";
		};
		E1BFA20B26FA7931003A5DAE /* CalendarAppUITests */ = {
			isa = PBXGroup;
			children = (
				E1BFA20C26FA7931003A5DAE /* CalendarAppUITests.swift */,
				E1BFA20E26FA7931003A5DAE /* Info.plist */,
			);
			path = CalendarAppUITests;
			sourceTree = "<group>";
		};
/* End PBXGroup section */

/* Begin PBXNativeTarget section */
		E1BFA1EB26FA7931003A5DAE /* CalendarApp */ = {
			isa = PBXNativeTarget;
			buildConfigurationList = E1BFA21126FA7931003A5DAE /* Build configuration list for PBXNativeTarget "CalendarApp" */;
			buildPhases = (
				E1BFA1E826FA7931003A5DAE /* Sources */,
				E1BFA1E926FA7931003A5DAE /* Frameworks */,
				E1BFA1EA26FA7931003A5DAE /* Resources */,
			);
			buildRules = (
			);
			dependencies = (
			);
			name = CalendarApp;
			productName = CalendarApp;
			productReference = E1BFA1EC26FA7931003A5DAE /* CalendarApp.app */;
			productType = "com.apple.product-type.application";
		};
		E1BFA1FC26FA7931003A5DAE /* CalendarAppTests */ = {
			isa = PBXNativeTarget;
			buildConfigurationList = E1BFA21426FA7931003A5DAE /* Build configuration list for PBXNativeTarget "CalendarAppTests" */;
			buildPhases = (
				E1BFA1F926FA7931003A5DAE /* Sources */,
				E1BFA1FA26FA7931003A5DAE /* Frameworks */,
				E1BFA1FB26FA7931003A5DAE /* Resources */,
			);
			buildRules = (
			);
			dependencies = (
				E1BFA1FF26FA7931003A5DAE /* PBXTargetDependency */,
			);
			name = CalendarAppTests;
			productName = CalendarAppTests;
			productReference = E1BFA1FD26FA7931003A5DAE /* CalendarAppTests.xctest */;
			productType = "com.apple.product-type.bundle.unit-test";
		};
		E1BFA20726FA7931003A5DAE /* CalendarAppUITests */ = {
			isa = PBXNativeTarget;
			buildConfigurationList = E1BFA21726FA7931003A5DAE /* Build configuration list for PBXNativeTarget "CalendarAppUITests" */;
			buildPhases = (
				E1BFA20426FA7931003A5DAE /* Sources */,
				E1BFA20526FA7931003A5DAE /* Frameworks */,
				E1BFA20626FA7931003A5DAE /* Resources */,
			);
			buildRules = (
			);
			dependencies = (
				E1BFA20A26FA7931003A5DAE /* PBXTargetDependency */,
			);
			name = CalendarAppUITests;
			productName = CalendarAppUITests;
			productReference = E1BFA20826FA7931003A5DAE /* CalendarAppUITests.xctest */;
			productType = "com.apple.product-type.bundle.ui-testing";
		};
/* End PBXNativeTarget section */

/* Begin PBXProject section */
		E1BFA1E426FA7931003A5DAE /* Project object */ = {
			isa = PBXProject;
			attributes = {
				LastSwiftUpdateCheck = 1250;
				LastUpgradeCheck = 1250;
				TargetAttributes = {
					E1BFA1EB26FA7931003A5DAE = {
						CreatedOnToolsVersion = 12.5.1;
					};
					E1BFA1FC26FA7931003A5DAE = {
						CreatedOnToolsVersion = 12.5.1;
						TestTargetID = E1BFA1EB26FA7931003A5DAE;
					};
					E1BFA20726FA7931003A5DAE = {
						CreatedOnToolsVersion = 12.5.1;
						TestTargetID = E1BFA1EB26FA7931003A5DAE;
					};
				};
			};
			buildConfigurationList = E1BFA1E726FA7931003A5DAE /* Build configuration list for PBXProject "CalendarApp" */;
			compatibilityVersion = "Xcode 9.3";
			developmentRegion = en;
			hasScannedForEncodings = 0;
			knownRegions = (
				en,
				Base,
			);
			mainGroup = E1BFA1E326FA7931003A5DAE;
			productRefGroup = E1BFA1ED26FA7931003A5DAE /* Products */;
			projectDirPath = "";
			projectRoot = "";
			targets = (
				E1BFA1EB26FA7931003A5DAE /* CalendarApp */,
				E1BFA1FC26FA7931003A5DAE /* CalendarAppTests */,
				E1BFA20726FA7931003A5DAE /* CalendarAppUITests */,
			);
		};
/* End PBXProject section */

/* Begin PBXResourcesBuildPhase section */
		E1BFA1EA26FA7931003A5DAE /* Resources */ = {
			isa = PBXResourcesBuildPhase;
			buildActionMask = 2147483647;
			files = (
				E1BFA1F726FA7931003A5DAE /* Preview Assets.xcassets in Resources */,
				E1BFA1F426FA7931003A5DAE /* Assets.xcassets in Resources */,
			);
			runOnlyForDeploymentPostprocessing = 0;
		};
		E1BFA1FB26FA7931003A5DAE /* Resources */ = {
			isa = PBXResourcesBuildPhase;
			buildActionMask = 2147483647;
			files = (
			);
			runOnlyForDeploymentPostprocessing = 0;
		};
		E1BFA20626FA7931003A5DAE /* Resources */ = {
			isa = PBXResourcesBuildPhase;
			buildActionMask = 2147483647;
			files = (
			);
			runOnlyForDeploymentPostprocessing = 0;
		};
/* End PBXResourcesBuildPhase section */

/* Begin PBXSourcesBuildPhase section */
		E1BFA1E826FA7931003A5DAE /* Sources */ = {
			isa = PBXSourcesBuildPhase;
			buildActionMask = 2147483647;
			files = (
				E1BFA1F226FA7931003A5DAE /* ContentView.swift in Sources */,
				E1BFA1F026FA7931003A5DAE /* CalendarAppApp.swift in Sources */,
			);
			runOnlyForDeploymentPostprocessing = 0;
		};
		E1BFA1F926FA7931003A5DAE /* Sources */ = {
			isa = PBXSourcesBuildPhase;
			buildActionMask = 2147483647;
			files = (
				E1BFA20226FA7931003A5DAE /* CalendarAppTests.swift in Sources */,
			);
			runOnlyForDeploymentPostprocessing = 0;
		};
		E1BFA20426FA7931003A5DAE /* Sources */ = {
			isa = PBXSourcesBuildPhase;
			buildActionMask = 2147483647;
			files = (
				E1BFA20D26FA7931003A5DAE /* CalendarAppUITests.swift in Sources */,
			);
			runOnlyForDeploymentPostprocessing = 0;
		};
/* End PBXSourcesBuildPhase section */

/* Begin PBXTargetDependency section */
		E1BFA1FF26FA7931003A5DAE /* PBXTargetDependency */ = {
			isa = PBXTargetDependency;
			target = E1BFA1EB26FA7931003A5DAE /* CalendarApp */;
			targetProxy = E1BFA1FE26FA7931003A5DAE /* PBXContainerItemProxy */;
		};
		E1BFA20A26FA7931003A5DAE /* PBXTargetDependency */ = {
			isa = PBXTargetDependency;
			target = E1BFA1EB26FA7931003A5DAE /* CalendarApp */;
			targetProxy = E1BFA20926FA7931003A5DAE /* PBXContainerItemProxy */;
		};
/* End PBXTargetDependency section */

/* Begin XCBuildConfiguration section */
		E1BFA20F26FA7931003A5DAE /* Debug */ = {
			isa = XCBuildConfiguration;
			buildSettings = {
				ALWAYS_SEARCH_USER_PATHS = NO;
				CLANG_ANALYZER_NONNULL = YES;
				CLANG_ANALYZER_NUMBER_OBJECT_CONVERSION = YES_AGGRESSIVE;
				CLANG_CXX_LANGUAGE_STANDARD = "gnu++14";
				CLANG_CXX_LIBRARY = "libc++";
				CLANG_ENABLE_MODULES = YES;
				CLANG_ENABLE_OBJC_ARC = YES;
				CLANG_ENABLE_OBJC_WEAK = YES;
				CLANG_WARN_BLOCK_CAPTURE_AUTORELEASING = YES;
				CLANG_WARN_BOOL_CONVERSION = YES;
				CLANG_WARN_COMMA = YES;
				CLANG_WARN_CONSTANT_CONVERSION = YES;
				CLANG_WARN_DEPRECATED_OBJC_IMPLEMENTATIONS = YES;
				CLANG_WARN_DIRECT_OBJC_ISA_USAGE = YES_ERROR;
				CLANG_WARN_DOCUMENTATION_COMMENTS = YES;
				CLANG_WARN_EMPTY_BODY = YES;
				CLANG_WARN_ENUM_CONVERSION = YES;
				CLANG_WARN_INFINITE_RECURSION = YES;
				CLANG_WARN_INT_CONVERSION = YES;
				CLANG_WARN_NON_LITERAL_NULL_CONVERSION = YES;
				CLANG_WARN_OBJC_IMPLICIT_RETAIN_SELF = YES;
				CLANG_WARN_OBJC_LITERAL_CONVERSION = YES;
				CLANG_WARN_OBJC_ROOT_CLASS = YES_ERROR;
				CLANG_WARN_QUOTED_INCLUDE_IN_FRAMEWORK_HEADER = YES;
				CLANG_WARN_RANGE_LOOP_ANALYSIS = YES;
				CLANG_WARN_STRICT_PROTOTYPES = YES;
				CLANG_WARN_SUSPICIOUS_MOVE = YES;
				CLANG_WARN_UNGUARDED_AVAILABILITY = YES_AGGRESSIVE;
				CLANG_WARN_UNREACHABLE_CODE = YES;
				CLANG_WARN__DUPLICATE_METHOD_MATCH = YES;
				COPY_PHASE_STRIP = NO;
				DEBUG_INFORMATION_FORMAT = dwarf;
				ENABLE_STRICT_OBJC_MSGSEND = YES;
				ENABLE_TESTABILITY = YES;
				GCC_C_LANGUAGE_STANDARD = gnu11;
				GCC_DYNAMIC_NO_PIC = NO;
				GCC_NO_COMMON_BLOCKS = YES;
				GCC_OPTIMIZATION_LEVEL = 0;
				GCC_PREPROCESSOR_DEFINITIONS = (
					"DEBUG=1",
					"$(inherited)",
				);
				GCC_WARN_64_TO_32_BIT_CONVERSION = YES;
				GCC_WARN_ABOUT_RETURN_TYPE = YES_ERROR;
				GCC_WARN_UNDECLARED_SELECTOR = YES;
				GCC_WARN_UNINITIALIZED_AUTOS = YES_AGGRESSIVE;
				GCC_WARN_UNUSED_FUNCTION = YES;
				GCC_WARN_UNUSED_VARIABLE = YES;
				IPHONEOS_DEPLOYMENT_TARGET = 14.5;
				MTL_ENABLE_DEBUG_INFO = INCLUDE_SOURCE;
				MTL_FAST_MATH = YES;
				ONLY_ACTIVE_ARCH = YES;
				SDKROOT = iphoneos;
				SWIFT_ACTIVE_COMPILATION_CONDITIONS = DEBUG;
				SWIFT_OPTIMIZATION_LEVEL = "-Onone";
			};
			name = Debug;
		};
		E1BFA21026FA7931003A5DAE /* Release */ = {
			isa = XCBuildConfiguration;
			buildSettings = {
				ALWAYS_SEARCH_USER_PATHS = NO;
				CLANG_ANALYZER_NONNULL = YES;
				CLANG_ANALYZER_NUMBER_OBJECT_CONVERSION = YES_AGGRESSIVE;
				CLANG_CXX_LANGUAGE_STANDARD = "gnu++14";
				CLANG_CXX_LIBRARY = "libc++";
				CLANG_ENABLE_MODULES = YES;
				CLANG_ENABLE_OBJC_ARC = YES;
				CLANG_ENABLE_OBJC_WEAK = YES;
				CLANG_WARN_BLOCK_CAPTURE_AUTORELEASING = YES;
				CLANG_WARN_BOOL_CONVERSION = YES;
				CLANG_WARN_COMMA = YES;
				CLANG_WARN_CONSTANT_CONVERSION = YES;
				CLANG_WARN_DEPRECATED_OBJC_IMPLEMENTATIONS = YES;
				CLANG_WARN_DIRECT_OBJC_ISA_USAGE = YES_ERROR;
				CLANG_WARN_DOCUMENTATION_COMMENTS = YES;
				CLANG_WARN_EMPTY_BODY = YES;
				CLANG_WARN_ENUM_CONVERSION = YES;
				CLANG_WARN_INFINITE_RECURSION = YES;
				CLANG_WARN_INT_CONVERSION = YES;
				CLANG_WARN_NON_LITERAL_NULL_CONVERSION = YES;
				CLANG_WARN_OBJC_IMPLICIT_RETAIN_SELF = YES;
				CLANG_WARN_OBJC_LITERAL_CONVERSION = YES;
				CLANG_WARN_OBJC_ROOT_CLASS = YES_ERROR;
				CLANG_WARN_QUOTED_INCLUDE_IN_FRAMEWORK_HEADER = YES;
				CLANG_WARN_RANGE_LOOP_ANALYSIS = YES;
				CLANG_WARN_STRICT_PROTOTYPES = YES;
				CLANG_WARN_SUSPICIOUS_MOVE = YES;
				CLANG_WARN_UNGUARDED_AVAILABILITY = YES_AGGRESSIVE;
				CLANG_WARN_UNREACHABLE_CODE = YES;
				CLANG_WARN__DUPLICATE_METHOD_MATCH = YES;
				COPY_PHASE_STRIP = NO;
				DEBUG_INFORMATION_FORMAT = "dwarf-with-dsym";
				ENABLE_NS_ASSERTIONS = NO;
				ENABLE_STRICT_OBJC_MSGSEND = YES;
				GCC_C_LANGUAGE_STANDARD = gnu11;
				GCC_NO_COMMON_BLOCKS = YES;
				GCC_WARN_64_TO_32_BIT_CONVERSION = YES;
				GCC_WARN_ABOUT_RETURN_TYPE = YES_ERROR;
				GCC_WARN_UNDECLARED_SELECTOR = YES;
				GCC_WARN_UNINITIALIZED_AUTOS = YES_AGGRESSIVE;
				GCC_WARN_UNUSED_FUNCTION = YES;
				GCC_WARN_UNUSED_VARIABLE = YES;
				IPHONEOS_DEPLOYMENT_TARGET = 14.5;
				MTL_ENABLE_DEBUG_INFO = NO;
				MTL_FAST_MATH = YES;
				SDKROOT = iphoneos;
				SWIFT_COMPILATION_MODE = wholemodule;
				SWIFT_OPTIMIZATION_LEVEL = "-O";
				VALIDATE_PRODUCT = YES;
			};
			name = Release;
		};
		E1BFA21226FA7931003A5DAE /* Debug */ = {
			isa = XCBuildConfiguration;
			buildSettings = {
				ASSETCATALOG_COMPILER_APPICON_NAME = AppIcon;
				ASSETCATALOG_COMPILER_GLOBAL_ACCENT_COLOR_NAME = AccentColor;
				CODE_SIGN_STYLE = Automatic;
				DEVELOPMENT_ASSET_PATHS = "\"CalendarApp/Preview Content\"";
				DEVELOPMENT_TEAM = R673V2XUP3;
				ENABLE_PREVIEWS = YES;
				INFOPLIST_FILE = CalendarApp/Info.plist;
				IPHONEOS_DEPLOYMENT_TARGET = 14.0;
				LD_RUNPATH_SEARCH_PATHS = (
					"$(inherited)",
					"@executable_path/Frameworks",
				);
				PRODUCT_BUNDLE_IDENTIFIER = com.mertcelik.CalendarApp;
				PRODUCT_NAME = "$(TARGET_NAME)";
				SWIFT_VERSION = 5.0;
				TARGETED_DEVICE_FAMILY = "1,2";
			};
			name = Debug;
		};
		E1BFA21326FA7931003A5DAE /* Release */ = {
			isa = XCBuildConfiguration;
			buildSettings = {
				ASSETCATALOG_COMPILER_APPICON_NAME = AppIcon;
				ASSETCATALOG_COMPILER_GLOBAL_ACCENT_COLOR_NAME = AccentColor;
				CODE_SIGN_STYLE = Automatic;
				DEVELOPMENT_ASSET_PATHS = "\"CalendarApp/Preview Content\"";
				DEVELOPMENT_TEAM = R673V2XUP3;
				ENABLE_PREVIEWS = YES;
				INFOPLIST_FILE = CalendarApp/Info.plist;
				IPHONEOS_DEPLOYMENT_TARGET = 14.0;
				LD_RUNPATH_SEARCH_PATHS = (
					"$(inherited)",
					"@executable_path/Frameworks",
				);
				PRODUCT_BUNDLE_IDENTIFIER = com.mertcelik.CalendarApp;
				PRODUCT_NAME = "$(TARGET_NAME)";
				SWIFT_VERSION = 5.0;
				TARGETED_DEVICE_FAMILY = "1,2";
			};
			name = Release;
		};
		E1BFA21526FA7931003A5DAE /* Debug */ = {
			isa = XCBuildConfiguration;
			buildSettings = {
				ALWAYS_EMBED_SWIFT_STANDARD_LIBRARIES = YES;
				BUNDLE_LOADER = "$(TEST_HOST)";
				CODE_SIGN_STYLE = Automatic;
				DEVELOPMENT_TEAM = R673V2XUP3;
				INFOPLIST_FILE = CalendarAppTests/Info.plist;
				IPHONEOS_DEPLOYMENT_TARGET = 14.0;
				LD_RUNPATH_SEARCH_PATHS = (
					"$(inherited)",
					"@executable_path/Frameworks",
					"@loader_path/Frameworks",
				);
				PRODUCT_BUNDLE_IDENTIFIER = com.mertcelik.CalendarAppTests;
				PRODUCT_NAME = "$(TARGET_NAME)";
				SWIFT_VERSION = 5.0;
				TARGETED_DEVICE_FAMILY = "1,2";
				TEST_HOST = "$(BUILT_PRODUCTS_DIR)/CalendarApp.app/CalendarApp";
			};
			name = Debug;
		};
		E1BFA21626FA7931003A5DAE /* Release */ = {
			isa = XCBuildConfiguration;
			buildSettings = {
				ALWAYS_EMBED_SWIFT_STANDARD_LIBRARIES = YES;
				BUNDLE_LOADER = "$(TEST_HOST)";
				CODE_SIGN_STYLE = Automatic;
				DEVELOPMENT_TEAM = R673V2XUP3;
				INFOPLIST_FILE = CalendarAppTests/Info.plist;
				IPHONEOS_DEPLOYMENT_TARGET = 14.0;
				LD_RUNPATH_SEARCH_PATHS = (
					"$(inherited)",
					"@executable_path/Frameworks",
					"@loader_path/Frameworks",
				);
				PRODUCT_BUNDLE_IDENTIFIER = com.mertcelik.CalendarAppTests;
				PRODUCT_NAME = "$(TARGET_NAME)";
				SWIFT_VERSION = 5.0;
				TARGETED_DEVICE_FAMILY = "1,2";
				TEST_HOST = "$(BUILT_PRODUCTS_DIR)/CalendarApp.app/CalendarApp";
			};
			name = Release;
		};
		E1BFA21826FA7931003A5DAE /* Debug */ = {
			isa = XCBuildConfiguration;
			buildSettings = {
				ALWAYS_EMBED_SWIFT_STANDARD_LIBRARIES = YES;
				CODE_SIGN_STYLE = Automatic;
				DEVELOPMENT_TEAM = R673V2XUP3;
				INFOPLIST_FILE = CalendarAppUITests/Info.plist;
				LD_RUNPATH_SEARCH_PATHS = (
					"$(inherited)",
					"@executable_path/Frameworks",
					"@loader_path/Frameworks",
				);
				PRODUCT_BUNDLE_IDENTIFIER = com.mertcelik.CalendarAppUITests;
				PRODUCT_NAME = "$(TARGET_NAME)";
				SWIFT_VERSION = 5.0;
				TARGETED_DEVICE_FAMILY = "1,2";
				TEST_TARGET_NAME = CalendarApp;
			};
			name = Debug;
		};
		E1BFA21926FA7931003A5DAE /* Release */ = {
			isa = XCBuildConfiguration;
			buildSettings = {
				ALWAYS_EMBED_SWIFT_STANDARD_LIBRARIES = YES;
				CODE_SIGN_STYLE = Automatic;
				DEVELOPMENT_TEAM = R673V2XUP3;
				INFOPLIST_FILE = CalendarAppUITests/Info.plist;
				LD_RUNPATH_SEARCH_PATHS = (
					"$(inherited)",
					"@executable_path/Frameworks",
					"@loader_path/Frameworks",
				);
				PRODUCT_BUNDLE_IDENTIFIER = com.mertcelik.CalendarAppUITests;
				PRODUCT_NAME = "$(TARGET_NAME)";
				SWIFT_VERSION = 5.0;
				TARGETED_DEVICE_FAMILY = "1,2";
				TEST_TARGET_NAME = CalendarApp;
			};
			name = Release;
		};
/* End XCBuildConfiguration section */

/* Begin XCConfigurationList section */
		E1BFA1E726FA7931003A5DAE /* Build configuration list for PBXProject "CalendarApp" */ = {
			isa = XCConfigurationList;
			buildConfigurations = (
				E1BFA20F26FA7931003A5DAE /* Debug */,
				E1BFA21026FA7931003A5DAE /* Release */,
			);
			defaultConfigurationIsVisible = 0;
			defaultConfigurationName = Release;
		};
		E1BFA21126FA7931003A5DAE /* Build configuration list for PBXNativeTarget "CalendarApp" */ = {
			isa = XCConfigurationList;
			buildConfigurations = (
				E1BFA21226FA7931003A5DAE /* Debug */,
				E1BFA21326FA7931003A5DAE /* Release */,
			);
			defaultConfigurationIsVisible = 0;
			defaultConfigurationName = Release;
		};
		E1BFA21426FA7931003A5DAE /* Build configuration list for PBXNativeTarget "CalendarAppTests" */ = {
			isa = XCConfigurationList;
			buildConfigurations = (
				E1BFA21526FA7931003A5DAE /* Debug */,
				E1BFA21626FA7931003A5DAE /* Release */,
			);
			defaultConfigurationIsVisible = 0;
			defaultConfigurationName = Release;
		};
		E1BFA21726FA7931003A5DAE /* Build configuration list for PBXNativeTarget "CalendarAppUITests" */ = {
			isa = XCConfigurationList;
			buildConfigurations = (
				E1BFA21826FA7931003A5DAE /* Debug */,
				E1BFA21926FA7931003A5DAE /* Release */,
			);
			defaultConfigurationIsVisible = 0;
			defaultConfigurationName = Release;
		};
/* End XCConfigurationList section */
	};
	rootObject = E1BFA1E426FA7931003A5DAE /* Project object */;
}
